
Microsoft Visual Studio Solution File, Format Version 12.00
# Visual Studio Version 17
VisualStudioVersion = 17.3.32825.248
MinimumVisualStudioVersion = 10.0.40219.1
Project("{FAE04EC0-301F-11D3-BF4B-00C04F79EFBC}") = "SnakeGameProject", "SnakeGameProject\SnakeGameProject.csproj", "{DB1710A0-03F1-4ACF-8F29-D8D88B0A3697}"
EndProject
Global
	GlobalSection(SolutionConfigurationPlatforms) = preSolution
		Debug|Any CPU = Debug|Any CPU
		Release|Any CPU = Release|Any CPU
	EndGlobalSection
	GlobalSection(ProjectConfigurationPlatforms) = postSolution
		{DB1710A0-03F1-4ACF-8F29-D8D88B0A3697}.Debug|Any CPU.ActiveCfg = Debug|Any CPU
		{DB1710A0-03F1-4ACF-8F29-D8D88B0A3697}.Debug|Any CPU.Build.0 = Debug|Any CPU
		{DB1710A0-03F1-4ACF-8F29-D8D88B0A3697}.Release|Any CPU.ActiveCfg = Release|Any CPU
		{DB1710A0-03F1-4ACF-8F29-D8D88B0A3697}.Release|Any CPU.Build.0 = Release|Any CPU
	EndGlobalSection
	GlobalSection(SolutionProperties) = preSolution
		HideSolutionNode = FALSE
	EndGlobalSection
	GlobalSection(ExtensibilityGlobals) = postSolution
		SolutionGuid = {37537D89-72F0-4668-9BBD-65C2D644CBFC}
	EndGlobalSection
EndGlobal
